// !$*UTF8*$!
{
	archiveVersion = 1;
	classes = {
	};
	objectVersion = 46;
	objects = {

/* Begin PBXBuildFile section */
		2786D47DE99E9006F9556479 /* libPods-IntranetClient.a in Frameworks */ = {isa = PBXBuildFile; fileRef = E8A89C688DA32162C93DA126 /* libPods-IntranetClient.a */; };
		44B5BAA1091B518EF7A1977B /* libPods-IntranetClientTests.a in Frameworks */ = {isa = PBXBuildFile; fileRef = 9AAAD8D4F131084F4FDB4A64 /* libPods-IntranetClientTests.a */; };
		7C743DC41E253AA50004B940 /* main.m in Sources */ = {isa = PBXBuildFile; fileRef = 7C743DC31E253AA50004B940 /* main.m */; };
		7C743DC71E253AA50004B940 /* AppDelegate.m in Sources */ = {isa = PBXBuildFile; fileRef = 7C743DC61E253AA50004B940 /* AppDelegate.m */; };
		7C743DCA1E253AA50004B940 /* MasterViewController.m in Sources */ = {isa = PBXBuildFile; fileRef = 7C743DC91E253AA50004B940 /* MasterViewController.m */; };
		7C743DCD1E253AA50004B940 /* DetailViewController.m in Sources */ = {isa = PBXBuildFile; fileRef = 7C743DCC1E253AA50004B940 /* DetailViewController.m */; };
		7C743DD01E253AA50004B940 /* Main.storyboard in Resources */ = {isa = PBXBuildFile; fileRef = 7C743DCE1E253AA50004B940 /* Main.storyboard */; };
		7C743DD21E253AA50004B940 /* Assets.xcassets in Resources */ = {isa = PBXBuildFile; fileRef = 7C743DD11E253AA50004B940 /* Assets.xcassets */; };
		7C743DD51E253AA50004B940 /* LaunchScreen.storyboard in Resources */ = {isa = PBXBuildFile; fileRef = 7C743DD31E253AA50004B940 /* LaunchScreen.storyboard */; };
		7C743DEB1E253AA50004B940 /* IntranetClientUITests.m in Sources */ = {isa = PBXBuildFile; fileRef = 7C743DEA1E253AA50004B940 /* IntranetClientUITests.m */; };
		7C743DF91E253C040004B940 /* Announcement.m in Sources */ = {isa = PBXBuildFile; fileRef = 7C743DF81E253C040004B940 /* Announcement.m */; };
		7C743DFD1E253DD20004B940 /* AnnouncementBuilder.m in Sources */ = {isa = PBXBuildFile; fileRef = 7C743DFC1E253DD20004B940 /* AnnouncementBuilder.m */; };
		7C743E001E253FCD0004B940 /* ElementBuilder.h in Sources */ = {isa = PBXBuildFile; fileRef = 7C743DFF1E253FCD0004B940 /* ElementBuilder.h */; };
		7C743E021E2540120004B940 /* ElementBuilder.m in Sources */ = {isa = PBXBuildFile; fileRef = 7C743E011E2540120004B940 /* ElementBuilder.m */; };
		7C743E041E2622DA0004B940 /* AnnouncementBuilderTests.m in Sources */ = {isa = PBXBuildFile; fileRef = 7C743E031E2622DA0004B940 /* AnnouncementBuilderTests.m */; };
		7C743E061E26237E0004B940 /* announcements.json in Resources */ = {isa = PBXBuildFile; fileRef = 7C743E051E26237E0004B940 /* announcements.json */; };
		7C743E081E26280D0004B940 /* AnnouncementsFetcher.h in Sources */ = {isa = PBXBuildFile; fileRef = 7C743E071E26280D0004B940 /* AnnouncementsFetcher.h */; };
		7C743E0A1E2628320004B940 /* AnnouncementsFetcher.m in Sources */ = {isa = PBXBuildFile; fileRef = 7C743E091E2628320004B940 /* AnnouncementsFetcher.m */; };
		7C743E0D1E2629FB0004B940 /* GrailsFetcher.h in Sources */ = {isa = PBXBuildFile; fileRef = 7C743E0C1E2629FB0004B940 /* GrailsFetcher.h */; };
		7C743E0F1E262A220004B940 /* GrailsFetcher.m in Sources */ = {isa = PBXBuildFile; fileRef = 7C743E0E1E262A220004B940 /* GrailsFetcher.m */; };
		7C743E111E26303F0004B940 /* AnnouncementsTableViewDataSource.h in Sources */ = {isa = PBXBuildFile; fileRef = 7C743E101E26303F0004B940 /* AnnouncementsTableViewDataSource.h */; };
		7C743E131E26304C0004B940 /* AnnouncementsTableViewDataSource.m in Sources */ = {isa = PBXBuildFile; fileRef = 7C743E121E26304C0004B940 /* AnnouncementsTableViewDataSource.m */; };
		7C743E151E2631B90004B940 /* AnnouncementsTableViewDelegate.h in Sources */ = {isa = PBXBuildFile; fileRef = 7C743E141E2631B90004B940 /* AnnouncementsTableViewDelegate.h */; };
		7C743E171E2631CA0004B940 /* AnnouncementsTableViewDelegate.m in Sources */ = {isa = PBXBuildFile; fileRef = 7C743E161E2631CA0004B940 /* AnnouncementsTableViewDelegate.m */; };
		7C743E1E1E2647EE0004B940 /* announcement.json in Resources */ = {isa = PBXBuildFile; fileRef = 7C743E1D1E2647EE0004B940 /* announcement.json */; };
		7C7B0FB11E374D520007FE40 /* SplitViewController.m in Sources */ = {isa = PBXBuildFile; fileRef = 7C7B0FB01E374D520007FE40 /* SplitViewController.m */; };
		7C7B0FB31E3750AC0007FE40 /* SignIn.storyboard in Resources */ = {isa = PBXBuildFile; fileRef = 7C7B0FB21E3750AC0007FE40 /* SignIn.storyboard */; };
		7C7B0FB61E3753850007FE40 /* LoginViewController.m in Sources */ = {isa = PBXBuildFile; fileRef = 7C7B0FB51E3753850007FE40 /* LoginViewController.m */; };
		7C7B10131E379AB10007FE40 /* CreateAnnouncementViewController.m in Sources */ = {isa = PBXBuildFile; fileRef = 7C7B10121E379AB10007FE40 /* CreateAnnouncementViewController.m */; };
		7C7B10161E379C940007FE40 /* AnnouncementUseCase.m in Sources */ = {isa = PBXBuildFile; fileRef = 7C7B10151E379C940007FE40 /* AnnouncementUseCase.m */; };
		7C7B101A1E379D640007FE40 /* SaveAnnouncementTask.m in Sources */ = {isa = PBXBuildFile; fileRef = 7C7B10191E379D640007FE40 /* SaveAnnouncementTask.m */; };
		F6878A44F1B67168C0D2DC2B /* libPods-IntranetClientUITests.a in Frameworks */ = {isa = PBXBuildFile; fileRef = 22515D7D53AAE6FEF6695521 /* libPods-IntranetClientUITests.a */; };
/* End PBXBuildFile section */

/* Begin PBXContainerItemProxy section */
		7C743DDC1E253AA50004B940 /* PBXContainerItemProxy */ = {
			isa = PBXContainerItemProxy;
			containerPortal = 7C743DB71E253AA50004B940 /* Project object */;
			proxyType = 1;
			remoteGlobalIDString = 7C743DBE1E253AA50004B940;
			remoteInfo = IntranetClient;
		};
		7C743DE71E253AA50004B940 /* PBXContainerItemProxy */ = {
			isa = PBXContainerItemProxy;
			containerPortal = 7C743DB71E253AA50004B940 /* Project object */;
			proxyType = 1;
			remoteGlobalIDString = 7C743DBE1E253AA50004B940;
			remoteInfo = IntranetClient;
		};
/* End PBXContainerItemProxy section */

/* Begin PBXCopyFilesBuildPhase section */
		7C2195451E39D67400A1357E /* Embed Frameworks */ = {
			isa = PBXCopyFilesBuildPhase;
			buildActionMask = 2147483647;
			dstPath = "";
			dstSubfolderSpec = 10;
			files = (
			);
			name = "Embed Frameworks";
			runOnlyForDeploymentPostprocessing = 0;
		};
/* End PBXCopyFilesBuildPhase section */

/* Begin PBXFileReference section */
		036F810A7DA40DE389FC3D69 /* Pods-IntranetClientTests.debug.xcconfig */ = {isa = PBXFileReference; includeInIndex = 1; lastKnownFileType = text.xcconfig; name = "Pods-IntranetClientTests.debug.xcconfig"; path = "Pods/Target Support Files/Pods-IntranetClientTests/Pods-IntranetClientTests.debug.xcconfig"; sourceTree = "<group>"; };
		22515D7D53AAE6FEF6695521 /* libPods-IntranetClientUITests.a */ = {isa = PBXFileReference; explicitFileType = archive.ar; includeInIndex = 0; path = "libPods-IntranetClientUITests.a"; sourceTree = BUILT_PRODUCTS_DIR; };
		5DE8400A4F6021B87DE1B3E1 /* Pods-IntranetClient.debug.xcconfig */ = {isa = PBXFileReference; includeInIndex = 1; lastKnownFileType = text.xcconfig; name = "Pods-IntranetClient.debug.xcconfig"; path = "Pods/Target Support Files/Pods-IntranetClient/Pods-IntranetClient.debug.xcconfig"; sourceTree = "<group>"; };
		701C5A497A4836E114D6EF47 /* Pods-IntranetClientUITests.debug.xcconfig */ = {isa = PBXFileReference; includeInIndex = 1; lastKnownFileType = text.xcconfig; name = "Pods-IntranetClientUITests.debug.xcconfig"; path = "Pods/Target Support Files/Pods-IntranetClientUITests/Pods-IntranetClientUITests.debug.xcconfig"; sourceTree = "<group>"; };
		7C743DBF1E253AA50004B940 /* IntranetClient.app */ = {isa = PBXFileReference; explicitFileType = wrapper.application; includeInIndex = 0; path = IntranetClient.app; sourceTree = BUILT_PRODUCTS_DIR; };
		7C743DC31E253AA50004B940 /* main.m */ = {isa = PBXFileReference; lastKnownFileType = sourcecode.c.objc; path = main.m; sourceTree = "<group>"; };
		7C743DC51E253AA50004B940 /* AppDelegate.h */ = {isa = PBXFileReference; lastKnownFileType = sourcecode.c.h; path = AppDelegate.h; sourceTree = "<group>"; };
		7C743DC61E253AA50004B940 /* AppDelegate.m */ = {isa = PBXFileReference; lastKnownFileType = sourcecode.c.objc; path = AppDelegate.m; sourceTree = "<group>"; };
		7C743DC81E253AA50004B940 /* MasterViewController.h */ = {isa = PBXFileReference; lastKnownFileType = sourcecode.c.h; path = MasterViewController.h; sourceTree = "<group>"; };
		7C743DC91E253AA50004B940 /* MasterViewController.m */ = {isa = PBXFileReference; lastKnownFileType = sourcecode.c.objc; path = MasterViewController.m; sourceTree = "<group>"; };
		7C743DCB1E253AA50004B940 /* DetailViewController.h */ = {isa = PBXFileReference; lastKnownFileType = sourcecode.c.h; path = DetailViewController.h; sourceTree = "<group>"; };
		7C743DCC1E253AA50004B940 /* DetailViewController.m */ = {isa = PBXFileReference; lastKnownFileType = sourcecode.c.objc; path = DetailViewController.m; sourceTree = "<group>"; };
		7C743DCF1E253AA50004B940 /* Base */ = {isa = PBXFileReference; lastKnownFileType = file.storyboard; name = Base; path = Base.lproj/Main.storyboard; sourceTree = "<group>"; };
		7C743DD11E253AA50004B940 /* Assets.xcassets */ = {isa = PBXFileReference; lastKnownFileType = folder.assetcatalog; path = Assets.xcassets; sourceTree = "<group>"; };
		7C743DD41E253AA50004B940 /* Base */ = {isa = PBXFileReference; lastKnownFileType = file.storyboard; name = Base; path = Base.lproj/LaunchScreen.storyboard; sourceTree = "<group>"; };
		7C743DD61E253AA50004B940 /* Info.plist */ = {isa = PBXFileReference; lastKnownFileType = text.plist.xml; path = Info.plist; sourceTree = "<group>"; };
		7C743DDB1E253AA50004B940 /* IntranetClientTests.xctest */ = {isa = PBXFileReference; explicitFileType = wrapper.cfbundle; includeInIndex = 0; path = IntranetClientTests.xctest; sourceTree = BUILT_PRODUCTS_DIR; };
		7C743DE11E253AA50004B940 /* Info.plist */ = {isa = PBXFileReference; lastKnownFileType = text.plist.xml; path = Info.plist; sourceTree = "<group>"; };
		7C743DE61E253AA50004B940 /* IntranetClientUITests.xctest */ = {isa = PBXFileReference; explicitFileType = wrapper.cfbundle; includeInIndex = 0; path = IntranetClientUITests.xctest; sourceTree = BUILT_PRODUCTS_DIR; };
		7C743DEA1E253AA50004B940 /* IntranetClientUITests.m */ = {isa = PBXFileReference; lastKnownFileType = sourcecode.c.objc; path = IntranetClientUITests.m; sourceTree = "<group>"; };
		7C743DEC1E253AA50004B940 /* Info.plist */ = {isa = PBXFileReference; lastKnownFileType = text.plist.xml; path = Info.plist; sourceTree = "<group>"; };
		7C743DF81E253C040004B940 /* Announcement.m */ = {isa = PBXFileReference; fileEncoding = 4; lastKnownFileType = sourcecode.c.objc; path = Announcement.m; sourceTree = "<group>"; };
		7C743DFA1E253C190004B940 /* Announcement.h */ = {isa = PBXFileReference; fileEncoding = 4; lastKnownFileType = sourcecode.c.h; path = Announcement.h; sourceTree = "<group>"; };
		7C743DFB1E253C6E0004B940 /* AnnouncementBuilder.h */ = {isa = PBXFileReference; fileEncoding = 4; lastKnownFileType = sourcecode.c.h; path = AnnouncementBuilder.h; sourceTree = "<group>"; };
		7C743DFC1E253DD20004B940 /* AnnouncementBuilder.m */ = {isa = PBXFileReference; fileEncoding = 4; lastKnownFileType = sourcecode.c.objc; path = AnnouncementBuilder.m; sourceTree = "<group>"; };
		7C743DFE1E253F8D0004B940 /* ElementBuilderPr.h */ = {isa = PBXFileReference; fileEncoding = 4; lastKnownFileType = sourcecode.c.h; path = ElementBuilderPr.h; sourceTree = "<group>"; };
		7C743DFF1E253FCD0004B940 /* ElementBuilder.h */ = {isa = PBXFileReference; fileEncoding = 4; lastKnownFileType = sourcecode.c.h; path = ElementBuilder.h; sourceTree = "<group>"; };
		7C743E011E2540120004B940 /* ElementBuilder.m */ = {isa = PBXFileReference; fileEncoding = 4; lastKnownFileType = sourcecode.c.objc; path = ElementBuilder.m; sourceTree = "<group>"; };
		7C743E031E2622DA0004B940 /* AnnouncementBuilderTests.m */ = {isa = PBXFileReference; fileEncoding = 4; lastKnownFileType = sourcecode.c.objc; path = AnnouncementBuilderTests.m; sourceTree = "<group>"; };
		7C743E051E26237E0004B940 /* announcements.json */ = {isa = PBXFileReference; fileEncoding = 4; lastKnownFileType = text.json; path = announcements.json; sourceTree = "<group>"; };
		7C743E071E26280D0004B940 /* AnnouncementsFetcher.h */ = {isa = PBXFileReference; fileEncoding = 4; lastKnownFileType = sourcecode.c.h; path = AnnouncementsFetcher.h; sourceTree = "<group>"; };
		7C743E091E2628320004B940 /* AnnouncementsFetcher.m */ = {isa = PBXFileReference; fileEncoding = 4; lastKnownFileType = sourcecode.c.objc; path = AnnouncementsFetcher.m; sourceTree = "<group>"; };
		7C743E0C1E2629FB0004B940 /* GrailsFetcher.h */ = {isa = PBXFileReference; fileEncoding = 4; lastKnownFileType = sourcecode.c.h; path = GrailsFetcher.h; sourceTree = "<group>"; };
		7C743E0E1E262A220004B940 /* GrailsFetcher.m */ = {isa = PBXFileReference; fileEncoding = 4; lastKnownFileType = sourcecode.c.objc; path = GrailsFetcher.m; sourceTree = "<group>"; };
		7C743E101E26303F0004B940 /* AnnouncementsTableViewDataSource.h */ = {isa = PBXFileReference; fileEncoding = 4; lastKnownFileType = sourcecode.c.h; path = AnnouncementsTableViewDataSource.h; sourceTree = "<group>"; };
		7C743E121E26304C0004B940 /* AnnouncementsTableViewDataSource.m */ = {isa = PBXFileReference; fileEncoding = 4; lastKnownFileType = sourcecode.c.objc; path = AnnouncementsTableViewDataSource.m; sourceTree = "<group>"; };
		7C743E141E2631B90004B940 /* AnnouncementsTableViewDelegate.h */ = {isa = PBXFileReference; fileEncoding = 4; lastKnownFileType = sourcecode.c.h; path = AnnouncementsTableViewDelegate.h; sourceTree = "<group>"; };
		7C743E161E2631CA0004B940 /* AnnouncementsTableViewDelegate.m */ = {isa = PBXFileReference; fileEncoding = 4; lastKnownFileType = sourcecode.c.objc; path = AnnouncementsTableViewDelegate.m; sourceTree = "<group>"; };
		7C743E1D1E2647EE0004B940 /* announcement.json */ = {isa = PBXFileReference; fileEncoding = 4; lastKnownFileType = text.json; path = announcement.json; sourceTree = "<group>"; };
		7C7B0FAF1E374D1A0007FE40 /* SplitViewController.h */ = {isa = PBXFileReference; lastKnownFileType = sourcecode.c.h; path = SplitViewController.h; sourceTree = "<group>"; };
		7C7B0FB01E374D520007FE40 /* SplitViewController.m */ = {isa = PBXFileReference; fileEncoding = 4; lastKnownFileType = sourcecode.c.objc; path = SplitViewController.m; sourceTree = "<group>"; };
		7C7B0FB21E3750AC0007FE40 /* SignIn.storyboard */ = {isa = PBXFileReference; fileEncoding = 4; lastKnownFileType = file.storyboard; path = SignIn.storyboard; sourceTree = "<group>"; };
		7C7B0FB41E37535E0007FE40 /* LoginViewController.h */ = {isa = PBXFileReference; lastKnownFileType = sourcecode.c.h; path = LoginViewController.h; sourceTree = "<group>"; };
		7C7B0FB51E3753850007FE40 /* LoginViewController.m */ = {isa = PBXFileReference; fileEncoding = 4; lastKnownFileType = sourcecode.c.objc; path = LoginViewController.m; sourceTree = "<group>"; };
		7C7B10111E379A880007FE40 /* CreateAnnouncementViewController.h */ = {isa = PBXFileReference; lastKnownFileType = sourcecode.c.h; path = CreateAnnouncementViewController.h; sourceTree = "<group>"; };
		7C7B10121E379AB10007FE40 /* CreateAnnouncementViewController.m */ = {isa = PBXFileReference; fileEncoding = 4; lastKnownFileType = sourcecode.c.objc; path = CreateAnnouncementViewController.m; sourceTree = "<group>"; };
		7C7B10141E379C720007FE40 /* AnnouncementUseCase.h */ = {isa = PBXFileReference; lastKnownFileType = sourcecode.c.h; path = AnnouncementUseCase.h; sourceTree = "<group>"; };
		7C7B10151E379C940007FE40 /* AnnouncementUseCase.m */ = {isa = PBXFileReference; fileEncoding = 4; lastKnownFileType = sourcecode.c.objc; path = AnnouncementUseCase.m; sourceTree = "<group>"; };
		7C7B10181E379D550007FE40 /* SaveAnnouncementTask.h */ = {isa = PBXFileReference; lastKnownFileType = sourcecode.c.h; path = SaveAnnouncementTask.h; sourceTree = "<group>"; };
		7C7B10191E379D640007FE40 /* SaveAnnouncementTask.m */ = {isa = PBXFileReference; fileEncoding = 4; lastKnownFileType = sourcecode.c.objc; path = SaveAnnouncementTask.m; sourceTree = "<group>"; };
		9AAAD8D4F131084F4FDB4A64 /* libPods-IntranetClientTests.a */ = {isa = PBXFileReference; explicitFileType = archive.ar; includeInIndex = 0; path = "libPods-IntranetClientTests.a"; sourceTree = BUILT_PRODUCTS_DIR; };
		A9F961EDFF7B5DE1BE95DFCC /* Pods-IntranetClient.release.xcconfig */ = {isa = PBXFileReference; includeInIndex = 1; lastKnownFileType = text.xcconfig; name = "Pods-IntranetClient.release.xcconfig"; path = "Pods/Target Support Files/Pods-IntranetClient/Pods-IntranetClient.release.xcconfig"; sourceTree = "<group>"; };
		B4C0AE721DB8C75C24BAC047 /* Pods-IntranetClientUITests.release.xcconfig */ = {isa = PBXFileReference; includeInIndex = 1; lastKnownFileType = text.xcconfig; name = "Pods-IntranetClientUITests.release.xcconfig"; path = "Pods/Target Support Files/Pods-IntranetClientUITests/Pods-IntranetClientUITests.release.xcconfig"; sourceTree = "<group>"; };
		BFF30EE2657F130BE0B74658 /* Pods-IntranetClientTests.release.xcconfig */ = {isa = PBXFileReference; includeInIndex = 1; lastKnownFileType = text.xcconfig; name = "Pods-IntranetClientTests.release.xcconfig"; path = "Pods/Target Support Files/Pods-IntranetClientTests/Pods-IntranetClientTests.release.xcconfig"; sourceTree = "<group>"; };
		E8A89C688DA32162C93DA126 /* libPods-IntranetClient.a */ = {isa = PBXFileReference; explicitFileType = archive.ar; includeInIndex = 0; path = "libPods-IntranetClient.a"; sourceTree = BUILT_PRODUCTS_DIR; };
/* End PBXFileReference section */

/* Begin PBXFrameworksBuildPhase section */
		7C743DBC1E253AA50004B940 /* Frameworks */ = {
			isa = PBXFrameworksBuildPhase;
			buildActionMask = 2147483647;
			files = (
				2786D47DE99E9006F9556479 /* libPods-IntranetClient.a in Frameworks */,
			);
			runOnlyForDeploymentPostprocessing = 0;
		};
		7C743DD81E253AA50004B940 /* Frameworks */ = {
			isa = PBXFrameworksBuildPhase;
			buildActionMask = 2147483647;
			files = (
				44B5BAA1091B518EF7A1977B /* libPods-IntranetClientTests.a in Frameworks */,
			);
			runOnlyForDeploymentPostprocessing = 0;
		};
		7C743DE31E253AA50004B940 /* Frameworks */ = {
			isa = PBXFrameworksBuildPhase;
			buildActionMask = 2147483647;
			files = (
				F6878A44F1B67168C0D2DC2B /* libPods-IntranetClientUITests.a in Frameworks */,
			);
			runOnlyForDeploymentPostprocessing = 0;
		};
/* End PBXFrameworksBuildPhase section */

/* Begin PBXGroup section */
		7C743DB61E253AA50004B940 = {
			isa = PBXGroup;
			children = (
				7C743DC11E253AA50004B940 /* IntranetClient */,
				7C743DDE1E253AA50004B940 /* IntranetClientTests */,
				7C743DE91E253AA50004B940 /* IntranetClientUITests */,
				7C743DC01E253AA50004B940 /* Products */,
				E7F359D03F551BEDF22CBF48 /* Pods */,
				B75658C3BAA7C45A1A269E2A /* Frameworks */,
			);
			sourceTree = "<group>";
		};
		7C743DC01E253AA50004B940 /* Products */ = {
			isa = PBXGroup;
			children = (
				7C743DBF1E253AA50004B940 /* IntranetClient.app */,
				7C743DDB1E253AA50004B940 /* IntranetClientTests.xctest */,
				7C743DE61E253AA50004B940 /* IntranetClientUITests.xctest */,
			);
			name = Products;
			sourceTree = "<group>";
		};
		7C743DC11E253AA50004B940 /* IntranetClient */ = {
			isa = PBXGroup;
			children = (
				7C743E1F1E2648AF0004B940 /* UKit */,
				7C743DCE1E253AA50004B940 /* Main.storyboard */,
				7C743DD11E253AA50004B940 /* Assets.xcassets */,
				7C743DD31E253AA50004B940 /* LaunchScreen.storyboard */,
				7C743DD61E253AA50004B940 /* Info.plist */,
				7C743DC21E253AA50004B940 /* Supporting Files */,
				7C743E201E2648B70004B940 /* Foundation */,
				7C7B0FB21E3750AC0007FE40 /* SignIn.storyboard */,
			);
			path = IntranetClient;
			sourceTree = "<group>";
		};
		7C743DC21E253AA50004B940 /* Supporting Files */ = {
			isa = PBXGroup;
			children = (
				7C743DC31E253AA50004B940 /* main.m */,
			);
			name = "Supporting Files";
			sourceTree = "<group>";
		};
		7C743DDE1E253AA50004B940 /* IntranetClientTests */ = {
			isa = PBXGroup;
			children = (
				7C743DE11E253AA50004B940 /* Info.plist */,
				7C743E031E2622DA0004B940 /* AnnouncementBuilderTests.m */,
				7C743E051E26237E0004B940 /* announcements.json */,
				7C743E1D1E2647EE0004B940 /* announcement.json */,
			);
			path = IntranetClientTests;
			sourceTree = "<group>";
		};
		7C743DE91E253AA50004B940 /* IntranetClientUITests */ = {
			isa = PBXGroup;
			children = (
				7C743DEA1E253AA50004B940 /* IntranetClientUITests.m */,
				7C743DEC1E253AA50004B940 /* Info.plist */,
			);
			path = IntranetClientUITests;
			sourceTree = "<group>";
		};
		7C743E1F1E2648AF0004B940 /* UKit */ = {
			isa = PBXGroup;
			children = (
				7C743DC51E253AA50004B940 /* AppDelegate.h */,
				7C743DC61E253AA50004B940 /* AppDelegate.m */,
				7C743DC81E253AA50004B940 /* MasterViewController.h */,
				7C743DC91E253AA50004B940 /* MasterViewController.m */,
				7C743DCB1E253AA50004B940 /* DetailViewController.h */,
				7C743DCC1E253AA50004B940 /* DetailViewController.m */,
				7C743E101E26303F0004B940 /* AnnouncementsTableViewDataSource.h */,
				7C743E121E26304C0004B940 /* AnnouncementsTableViewDataSource.m */,
				7C743E141E2631B90004B940 /* AnnouncementsTableViewDelegate.h */,
				7C743E161E2631CA0004B940 /* AnnouncementsTableViewDelegate.m */,
				7C7B0FAF1E374D1A0007FE40 /* SplitViewController.h */,
				7C7B0FB01E374D520007FE40 /* SplitViewController.m */,
				7C7B0FB41E37535E0007FE40 /* LoginViewController.h */,
				7C7B0FB51E3753850007FE40 /* LoginViewController.m */,
				7C7B10111E379A880007FE40 /* CreateAnnouncementViewController.h */,
				7C7B10121E379AB10007FE40 /* CreateAnnouncementViewController.m */,
			);
			name = UKit;
			sourceTree = "<group>";
		};
		7C743E201E2648B70004B940 /* Foundation */ = {
			isa = PBXGroup;
			children = (
				7C743DF81E253C040004B940 /* Announcement.m */,
				7C743DFA1E253C190004B940 /* Announcement.h */,
				7C743DFB1E253C6E0004B940 /* AnnouncementBuilder.h */,
				7C743DFC1E253DD20004B940 /* AnnouncementBuilder.m */,
				7C743DFE1E253F8D0004B940 /* ElementBuilderPr.h */,
				7C743DFF1E253FCD0004B940 /* ElementBuilder.h */,
				7C743E011E2540120004B940 /* ElementBuilder.m */,
				7C743E071E26280D0004B940 /* AnnouncementsFetcher.h */,
				7C743E091E2628320004B940 /* AnnouncementsFetcher.m */,
				7C743E0C1E2629FB0004B940 /* GrailsFetcher.h */,
				7C743E0E1E262A220004B940 /* GrailsFetcher.m */,
				7C7B10141E379C720007FE40 /* AnnouncementUseCase.h */,
				7C7B10151E379C940007FE40 /* AnnouncementUseCase.m */,
				7C7B10181E379D550007FE40 /* SaveAnnouncementTask.h */,
				7C7B10191E379D640007FE40 /* SaveAnnouncementTask.m */,
			);
			name = Foundation;
			sourceTree = "<group>";
		};
		B75658C3BAA7C45A1A269E2A /* Frameworks */ = {
			isa = PBXGroup;
			children = (
				E8A89C688DA32162C93DA126 /* libPods-IntranetClient.a */,
				9AAAD8D4F131084F4FDB4A64 /* libPods-IntranetClientTests.a */,
				22515D7D53AAE6FEF6695521 /* libPods-IntranetClientUITests.a */,
			);
			name = Frameworks;
			sourceTree = "<group>";
		};
		E7F359D03F551BEDF22CBF48 /* Pods */ = {
			isa = PBXGroup;
			children = (
				5DE8400A4F6021B87DE1B3E1 /* Pods-IntranetClient.debug.xcconfig */,
				A9F961EDFF7B5DE1BE95DFCC /* Pods-IntranetClient.release.xcconfig */,
				036F810A7DA40DE389FC3D69 /* Pods-IntranetClientTests.debug.xcconfig */,
				BFF30EE2657F130BE0B74658 /* Pods-IntranetClientTests.release.xcconfig */,
				701C5A497A4836E114D6EF47 /* Pods-IntranetClientUITests.debug.xcconfig */,
				B4C0AE721DB8C75C24BAC047 /* Pods-IntranetClientUITests.release.xcconfig */,
			);
			name = Pods;
			sourceTree = "<group>";
		};
/* End PBXGroup section */

/* Begin PBXNativeTarget section */
		7C743DBE1E253AA50004B940 /* IntranetClient */ = {
			isa = PBXNativeTarget;
			buildConfigurationList = 7C743DEF1E253AA50004B940 /* Build configuration list for PBXNativeTarget "IntranetClient" */;
			buildPhases = (
				1E5B3DB7BE2F1E98BB3F15CB /* [CP] Check Pods Manifest.lock */,
				7C743DBB1E253AA50004B940 /* Sources */,
				7C743DBC1E253AA50004B940 /* Frameworks */,
				7C743DBD1E253AA50004B940 /* Resources */,
				7C2195451E39D67400A1357E /* Embed Frameworks */,
				01FB9583AC71A0073CD4A105 /* [CP] Embed Pods Frameworks */,
				E4EA51AEE193D59D9A14D9EC /* [CP] Copy Pods Resources */,
			);
			buildRules = (
			);
			dependencies = (
			);
			name = IntranetClient;
			productName = IntranetClient;
			productReference = 7C743DBF1E253AA50004B940 /* IntranetClient.app */;
			productType = "com.apple.product-type.application";
		};
		7C743DDA1E253AA50004B940 /* IntranetClientTests */ = {
			isa = PBXNativeTarget;
			buildConfigurationList = 7C743DF21E253AA50004B940 /* Build configuration list for PBXNativeTarget "IntranetClientTests" */;
			buildPhases = (
				C1A2FABB9ED6BAE53145783A /* [CP] Check Pods Manifest.lock */,
				7C743DD71E253AA50004B940 /* Sources */,
				7C743DD81E253AA50004B940 /* Frameworks */,
				7C743DD91E253AA50004B940 /* Resources */,
				E0656088339BB3193A1C95C4 /* [CP] Embed Pods Frameworks */,
				583B8692316C760B4F6FD44D /* [CP] Copy Pods Resources */,
			);
			buildRules = (
			);
			dependencies = (
				7C743DDD1E253AA50004B940 /* PBXTargetDependency */,
			);
			name = IntranetClientTests;
			productName = IntranetClientTests;
			productReference = 7C743DDB1E253AA50004B940 /* IntranetClientTests.xctest */;
			productType = "com.apple.product-type.bundle.unit-test";
		};
		7C743DE51E253AA50004B940 /* IntranetClientUITests */ = {
			isa = PBXNativeTarget;
			buildConfigurationList = 7C743DF51E253AA50004B940 /* Build configuration list for PBXNativeTarget "IntranetClientUITests" */;
			buildPhases = (
				ABECAA85F235FED42F522779 /* [CP] Check Pods Manifest.lock */,
				7C743DE21E253AA50004B940 /* Sources */,
				7C743DE31E253AA50004B940 /* Frameworks */,
				7C743DE41E253AA50004B940 /* Resources */,
				B1B61E242EF081C9CCA30AD6 /* [CP] Embed Pods Frameworks */,
				EBE5F1330BF0EC5B1B854C5B /* [CP] Copy Pods Resources */,
			);
			buildRules = (
			);
			dependencies = (
				7C743DE81E253AA50004B940 /* PBXTargetDependency */,
			);
			name = IntranetClientUITests;
			productName = IntranetClientUITests;
			productReference = 7C743DE61E253AA50004B940 /* IntranetClientUITests.xctest */;
			productType = "com.apple.product-type.bundle.ui-testing";
		};
/* End PBXNativeTarget section */

/* Begin PBXProject section */
		7C743DB71E253AA50004B940 /* Project object */ = {
			isa = PBXProject;
			attributes = {
				LastUpgradeCheck = 0820;
				ORGANIZATIONNAME = OCI;
				TargetAttributes = {
					7C743DBE1E253AA50004B940 = {
						CreatedOnToolsVersion = 8.2.1;
						ProvisioningStyle = Automatic;
					};
					7C743DDA1E253AA50004B940 = {
						CreatedOnToolsVersion = 8.2.1;
						ProvisioningStyle = Automatic;
						TestTargetID = 7C743DBE1E253AA50004B940;
					};
					7C743DE51E253AA50004B940 = {
						CreatedOnToolsVersion = 8.2.1;
						ProvisioningStyle = Automatic;
						TestTargetID = 7C743DBE1E253AA50004B940;
					};
				};
			};
			buildConfigurationList = 7C743DBA1E253AA50004B940 /* Build configuration list for PBXProject "IntranetClient" */;
			compatibilityVersion = "Xcode 3.2";
			developmentRegion = English;
			hasScannedForEncodings = 0;
			knownRegions = (
				en,
				Base,
			);
			mainGroup = 7C743DB61E253AA50004B940;
			productRefGroup = 7C743DC01E253AA50004B940 /* Products */;
			projectDirPath = "";
			projectRoot = "";
			targets = (
				7C743DBE1E253AA50004B940 /* IntranetClient */,
				7C743DDA1E253AA50004B940 /* IntranetClientTests */,
				7C743DE51E253AA50004B940 /* IntranetClientUITests */,
			);
		};
/* End PBXProject section */

/* Begin PBXResourcesBuildPhase section */
		7C743DBD1E253AA50004B940 /* Resources */ = {
			isa = PBXResourcesBuildPhase;
			buildActionMask = 2147483647;
			files = (
				7C7B0FB31E3750AC0007FE40 /* SignIn.storyboard in Resources */,
				7C743DD51E253AA50004B940 /* LaunchScreen.storyboard in Resources */,
				7C743DD21E253AA50004B940 /* Assets.xcassets in Resources */,
				7C743DD01E253AA50004B940 /* Main.storyboard in Resources */,
			);
			runOnlyForDeploymentPostprocessing = 0;
		};
		7C743DD91E253AA50004B940 /* Resources */ = {
			isa = PBXResourcesBuildPhase;
			buildActionMask = 2147483647;
			files = (
				7C743E1E1E2647EE0004B940 /* announcement.json in Resources */,
				7C743E061E26237E0004B940 /* announcements.json in Resources */,
			);
			runOnlyForDeploymentPostprocessing = 0;
		};
		7C743DE41E253AA50004B940 /* Resources */ = {
			isa = PBXResourcesBuildPhase;
			buildActionMask = 2147483647;
			files = (
			);
			runOnlyForDeploymentPostprocessing = 0;
		};
/* End PBXResourcesBuildPhase section */

/* Begin PBXShellScriptBuildPhase section */
		01FB9583AC71A0073CD4A105 /* [CP] Embed Pods Frameworks */ = {
			isa = PBXShellScriptBuildPhase;
			buildActionMask = 2147483647;
			files = (
			);
			inputPaths = (
			);
			name = "[CP] Embed Pods Frameworks";
			outputPaths = (
			);
			runOnlyForDeploymentPostprocessing = 0;
			shellPath = /bin/sh;
			shellScript = "\"${SRCROOT}/Pods/Target Support Files/Pods-IntranetClient/Pods-IntranetClient-frameworks.sh\"\n";
			showEnvVarsInLog = 0;
		};
		1E5B3DB7BE2F1E98BB3F15CB /* [CP] Check Pods Manifest.lock */ = {
			isa = PBXShellScriptBuildPhase;
			buildActionMask = 2147483647;
			files = (
			);
			inputPaths = (
			);
			name = "[CP] Check Pods Manifest.lock";
			outputPaths = (
			);
			runOnlyForDeploymentPostprocessing = 0;
			shellPath = /bin/sh;
			shellScript = "diff \"${PODS_ROOT}/../Podfile.lock\" \"${PODS_ROOT}/Manifest.lock\" > /dev/null\nif [ $? != 0 ] ; then\n    # print error to STDERR\n    echo \"error: The sandbox is not in sync with the Podfile.lock. Run 'pod install' or update your CocoaPods installation.\" >&2\n    exit 1\nfi\n";
			showEnvVarsInLog = 0;
		};
		583B8692316C760B4F6FD44D /* [CP] Copy Pods Resources */ = {
			isa = PBXShellScriptBuildPhase;
			buildActionMask = 2147483647;
			files = (
			);
			inputPaths = (
			);
			name = "[CP] Copy Pods Resources";
			outputPaths = (
			);
			runOnlyForDeploymentPostprocessing = 0;
			shellPath = /bin/sh;
			shellScript = "\"${SRCROOT}/Pods/Target Support Files/Pods-IntranetClientTests/Pods-IntranetClientTests-resources.sh\"\n";
			showEnvVarsInLog = 0;
		};
		ABECAA85F235FED42F522779 /* [CP] Check Pods Manifest.lock */ = {
			isa = PBXShellScriptBuildPhase;
			buildActionMask = 2147483647;
			files = (
			);
			inputPaths = (
			);
			name = "[CP] Check Pods Manifest.lock";
			outputPaths = (
			);
			runOnlyForDeploymentPostprocessing = 0;
			shellPath = /bin/sh;
			shellScript = "diff \"${PODS_ROOT}/../Podfile.lock\" \"${PODS_ROOT}/Manifest.lock\" > /dev/null\nif [ $? != 0 ] ; then\n    # print error to STDERR\n    echo \"error: The sandbox is not in sync with the Podfile.lock. Run 'pod install' or update your CocoaPods installation.\" >&2\n    exit 1\nfi\n";
			showEnvVarsInLog = 0;
		};
		B1B61E242EF081C9CCA30AD6 /* [CP] Embed Pods Frameworks */ = {
			isa = PBXShellScriptBuildPhase;
			buildActionMask = 2147483647;
			files = (
			);
			inputPaths = (
			);
			name = "[CP] Embed Pods Frameworks";
			outputPaths = (
			);
			runOnlyForDeploymentPostprocessing = 0;
			shellPath = /bin/sh;
			shellScript = "\"${SRCROOT}/Pods/Target Support Files/Pods-IntranetClientUITests/Pods-IntranetClientUITests-frameworks.sh\"\n";
			showEnvVarsInLog = 0;
		};
		C1A2FABB9ED6BAE53145783A /* [CP] Check Pods Manifest.lock */ = {
			isa = PBXShellScriptBuildPhase;
			buildActionMask = 2147483647;
			files = (
			);
			inputPaths = (
			);
			name = "[CP] Check Pods Manifest.lock";
			outputPaths = (
			);
			runOnlyForDeploymentPostprocessing = 0;
			shellPath = /bin/sh;
			shellScript = "diff \"${PODS_ROOT}/../Podfile.lock\" \"${PODS_ROOT}/Manifest.lock\" > /dev/null\nif [ $? != 0 ] ; then\n    # print error to STDERR\n    echo \"error: The sandbox is not in sync with the Podfile.lock. Run 'pod install' or update your CocoaPods installation.\" >&2\n    exit 1\nfi\n";
			showEnvVarsInLog = 0;
		};
		E0656088339BB3193A1C95C4 /* [CP] Embed Pods Frameworks */ = {
			isa = PBXShellScriptBuildPhase;
			buildActionMask = 2147483647;
			files = (
			);
			inputPaths = (
			);
			name = "[CP] Embed Pods Frameworks";
			outputPaths = (
			);
			runOnlyForDeploymentPostprocessing = 0;
			shellPath = /bin/sh;
			shellScript = "\"${SRCROOT}/Pods/Target Support Files/Pods-IntranetClientTests/Pods-IntranetClientTests-frameworks.sh\"\n";
			showEnvVarsInLog = 0;
		};
		E4EA51AEE193D59D9A14D9EC /* [CP] Copy Pods Resources */ = {
			isa = PBXShellScriptBuildPhase;
			buildActionMask = 2147483647;
			files = (
			);
			inputPaths = (
			);
			name = "[CP] Copy Pods Resources";
			outputPaths = (
			);
			runOnlyForDeploymentPostprocessing = 0;
			shellPath = /bin/sh;
			shellScript = "\"${SRCROOT}/Pods/Target Support Files/Pods-IntranetClient/Pods-IntranetClient-resources.sh\"\n";
			showEnvVarsInLog = 0;
		};
		EBE5F1330BF0EC5B1B854C5B /* [CP] Copy Pods Resources */ = {
			isa = PBXShellScriptBuildPhase;
			buildActionMask = 2147483647;
			files = (
			);
			inputPaths = (
			);
			name = "[CP] Copy Pods Resources";
			outputPaths = (
			);
			runOnlyForDeploymentPostprocessing = 0;
			shellPath = /bin/sh;
			shellScript = "\"${SRCROOT}/Pods/Target Support Files/Pods-IntranetClientUITests/Pods-IntranetClientUITests-resources.sh\"\n";
			showEnvVarsInLog = 0;
		};
/* End PBXShellScriptBuildPhase section */

/* Begin PBXSourcesBuildPhase section */
		7C743DBB1E253AA50004B940 /* Sources */ = {
			isa = PBXSourcesBuildPhase;
			buildActionMask = 2147483647;
			files = (
				7C743DC71E253AA50004B940 /* AppDelegate.m in Sources */,
				7C743E111E26303F0004B940 /* AnnouncementsTableViewDataSource.h in Sources */,
				7C7B10161E379C940007FE40 /* AnnouncementUseCase.m in Sources */,
				7C743DCA1E253AA50004B940 /* MasterViewController.m in Sources */,
				7C7B0FB61E3753850007FE40 /* LoginViewController.m in Sources */,
				7C7B101A1E379D640007FE40 /* SaveAnnouncementTask.m in Sources */,
				7C743E131E26304C0004B940 /* AnnouncementsTableViewDataSource.m in Sources */,
				7C743DFD1E253DD20004B940 /* AnnouncementBuilder.m in Sources */,
				7C7B0FB11E374D520007FE40 /* SplitViewController.m in Sources */,
				7C743DC41E253AA50004B940 /* main.m in Sources */,
				7C743E0A1E2628320004B940 /* AnnouncementsFetcher.m in Sources */,
				7C743E0F1E262A220004B940 /* GrailsFetcher.m in Sources */,
				7C743E081E26280D0004B940 /* AnnouncementsFetcher.h in Sources */,
				7C743E021E2540120004B940 /* ElementBuilder.m in Sources */,
				7C743DF91E253C040004B940 /* Announcement.m in Sources */,
				7C743E0D1E2629FB0004B940 /* GrailsFetcher.h in Sources */,
				7C7B10131E379AB10007FE40 /* CreateAnnouncementViewController.m in Sources */,
				7C743E001E253FCD0004B940 /* ElementBuilder.h in Sources */,
				7C743DCD1E253AA50004B940 /* DetailViewController.m in Sources */,
				7C743E171E2631CA0004B940 /* AnnouncementsTableViewDelegate.m in Sources */,
				7C743E151E2631B90004B940 /* AnnouncementsTableViewDelegate.h in Sources */,
			);
			runOnlyForDeploymentPostprocessing = 0;
		};
		7C743DD71E253AA50004B940 /* Sources */ = {
			isa = PBXSourcesBuildPhase;
			buildActionMask = 2147483647;
			files = (
				7C743E041E2622DA0004B940 /* AnnouncementBuilderTests.m in Sources */,
			);
			runOnlyForDeploymentPostprocessing = 0;
		};
		7C743DE21E253AA50004B940 /* Sources */ = {
			isa = PBXSourcesBuildPhase;
			buildActionMask = 2147483647;
			files = (
				7C743DEB1E253AA50004B940 /* IntranetClientUITests.m in Sources */,
			);
			runOnlyForDeploymentPostprocessing = 0;
		};
/* End PBXSourcesBuildPhase section */

/* Begin PBXTargetDependency section */
		7C743DDD1E253AA50004B940 /* PBXTargetDependency */ = {
			isa = PBXTargetDependency;
			target = 7C743DBE1E253AA50004B940 /* IntranetClient */;
			targetProxy = 7C743DDC1E253AA50004B940 /* PBXContainerItemProxy */;
		};
		7C743DE81E253AA50004B940 /* PBXTargetDependency */ = {
			isa = PBXTargetDependency;
			target = 7C743DBE1E253AA50004B940 /* IntranetClient */;
			targetProxy = 7C743DE71E253AA50004B940 /* PBXContainerItemProxy */;
		};
/* End PBXTargetDependency section */

/* Begin PBXVariantGroup section */
		7C743DCE1E253AA50004B940 /* Main.storyboard */ = {
			isa = PBXVariantGroup;
			children = (
				7C743DCF1E253AA50004B940 /* Base */,
			);
			name = Main.storyboard;
			sourceTree = "<group>";
		};
		7C743DD31E253AA50004B940 /* LaunchScreen.storyboard */ = {
			isa = PBXVariantGroup;
			children = (
				7C743DD41E253AA50004B940 /* Base */,
			);
			name = LaunchScreen.storyboard;
			sourceTree = "<group>";
		};
/* End PBXVariantGroup section */

/* Begin XCBuildConfiguration section */
		7C743DED1E253AA50004B940 /* Debug */ = {
			isa = XCBuildConfiguration;
			buildSettings = {
				ALWAYS_SEARCH_USER_PATHS = NO;
				CLANG_ANALYZER_NONNULL = YES;
				CLANG_CXX_LANGUAGE_STANDARD = "gnu++0x";
				CLANG_CXX_LIBRARY = "libc++";
				CLANG_ENABLE_MODULES = YES;
				CLANG_ENABLE_OBJC_ARC = YES;
				CLANG_WARN_BOOL_CONVERSION = YES;
				CLANG_WARN_CONSTANT_CONVERSION = YES;
				CLANG_WARN_DIRECT_OBJC_ISA_USAGE = YES_ERROR;
				CLANG_WARN_DOCUMENTATION_COMMENTS = YES;
				CLANG_WARN_EMPTY_BODY = YES;
				CLANG_WARN_ENUM_CONVERSION = YES;
				CLANG_WARN_INFINITE_RECURSION = YES;
				CLANG_WARN_INT_CONVERSION = YES;
				CLANG_WARN_OBJC_ROOT_CLASS = YES_ERROR;
				CLANG_WARN_SUSPICIOUS_MOVE = YES;
				CLANG_WARN_UNREACHABLE_CODE = YES;
				CLANG_WARN__DUPLICATE_METHOD_MATCH = YES;
				"CODE_SIGN_IDENTITY[sdk=iphoneos*]" = "iPhone Developer";
				COPY_PHASE_STRIP = NO;
				DEBUG_INFORMATION_FORMAT = dwarf;
				ENABLE_STRICT_OBJC_MSGSEND = YES;
				ENABLE_TESTABILITY = YES;
				GCC_C_LANGUAGE_STANDARD = gnu99;
				GCC_DYNAMIC_NO_PIC = NO;
				GCC_NO_COMMON_BLOCKS = YES;
				GCC_OPTIMIZATION_LEVEL = 0;
				GCC_PREPROCESSOR_DEFINITIONS = (
					"DEBUG=1",
					"$(inherited)",
				);
				GCC_WARN_64_TO_32_BIT_CONVERSION = YES;
				GCC_WARN_ABOUT_RETURN_TYPE = YES_ERROR;
				GCC_WARN_UNDECLARED_SELECTOR = YES;
				GCC_WARN_UNINITIALIZED_AUTOS = YES_AGGRESSIVE;
				GCC_WARN_UNUSED_FUNCTION = YES;
				GCC_WARN_UNUSED_VARIABLE = YES;
				IPHONEOS_DEPLOYMENT_TARGET = 10.2;
				MTL_ENABLE_DEBUG_INFO = YES;
				ONLY_ACTIVE_ARCH = YES;
				SDKROOT = iphoneos;
				TARGETED_DEVICE_FAMILY = "1,2";
			};
			name = Debug;
		};
		7C743DEE1E253AA50004B940 /* Release */ = {
			isa = XCBuildConfiguration;
			buildSettings = {
				ALWAYS_SEARCH_USER_PATHS = NO;
				CLANG_ANALYZER_NONNULL = YES;
				CLANG_CXX_LANGUAGE_STANDARD = "gnu++0x";
				CLANG_CXX_LIBRARY = "libc++";
				CLANG_ENABLE_MODULES = YES;
				CLANG_ENABLE_OBJC_ARC = YES;
				CLANG_WARN_BOOL_CONVERSION = YES;
				CLANG_WARN_CONSTANT_CONVERSION = YES;
				CLANG_WARN_DIRECT_OBJC_ISA_USAGE = YES_ERROR;
				CLANG_WARN_DOCUMENTATION_COMMENTS = YES;
				CLANG_WARN_EMPTY_BODY = YES;
				CLANG_WARN_ENUM_CONVERSION = YES;
				CLANG_WARN_INFINITE_RECURSION = YES;
				CLANG_WARN_INT_CONVERSION = YES;
				CLANG_WARN_OBJC_ROOT_CLASS = YES_ERROR;
				CLANG_WARN_SUSPICIOUS_MOVE = YES;
				CLANG_WARN_UNREACHABLE_CODE = YES;
				CLANG_WARN__DUPLICATE_METHOD_MATCH = YES;
				"CODE_SIGN_IDENTITY[sdk=iphoneos*]" = "iPhone Developer";
				COPY_PHASE_STRIP = NO;
				DEBUG_INFORMATION_FORMAT = "dwarf-with-dsym";
				ENABLE_NS_ASSERTIONS = NO;
				ENABLE_STRICT_OBJC_MSGSEND = YES;
				GCC_C_LANGUAGE_STANDARD = gnu99;
				GCC_NO_COMMON_BLOCKS = YES;
				GCC_WARN_64_TO_32_BIT_CONVERSION = YES;
				GCC_WARN_ABOUT_RETURN_TYPE = YES_ERROR;
				GCC_WARN_UNDECLARED_SELECTOR = YES;
				GCC_WARN_UNINITIALIZED_AUTOS = YES_AGGRESSIVE;
				GCC_WARN_UNUSED_FUNCTION = YES;
				GCC_WARN_UNUSED_VARIABLE = YES;
				IPHONEOS_DEPLOYMENT_TARGET = 10.2;
				MTL_ENABLE_DEBUG_INFO = NO;
				SDKROOT = iphoneos;
				TARGETED_DEVICE_FAMILY = "1,2";
				VALIDATE_PRODUCT = YES;
			};
			name = Release;
		};
		7C743DF01E253AA50004B940 /* Debug */ = {
			isa = XCBuildConfiguration;
			baseConfigurationReference = 5DE8400A4F6021B87DE1B3E1 /* Pods-IntranetClient.debug.xcconfig */;
			buildSettings = {
				ASSETCATALOG_COMPILER_APPICON_NAME = AppIcon;
				INFOPLIST_FILE = IntranetClient/Info.plist;
				LD_RUNPATH_SEARCH_PATHS = "$(inherited) @executable_path/Frameworks";
				PRODUCT_BUNDLE_IDENTIFIER = com.ociweb.IntranetClient;
				PRODUCT_NAME = "$(TARGET_NAME)";
			};
			name = Debug;
		};
		7C743DF11E253AA50004B940 /* Release */ = {
			isa = XCBuildConfiguration;
			baseConfigurationReference = A9F961EDFF7B5DE1BE95DFCC /* Pods-IntranetClient.release.xcconfig */;
			buildSettings = {
				ASSETCATALOG_COMPILER_APPICON_NAME = AppIcon;
				INFOPLIST_FILE = IntranetClient/Info.plist;
				LD_RUNPATH_SEARCH_PATHS = "$(inherited) @executable_path/Frameworks";
				PRODUCT_BUNDLE_IDENTIFIER = com.ociweb.IntranetClient;
				PRODUCT_NAME = "$(TARGET_NAME)";
			};
			name = Release;
		};
		7C743DF31E253AA50004B940 /* Debug */ = {
			isa = XCBuildConfiguration;
			baseConfigurationReference = 036F810A7DA40DE389FC3D69 /* Pods-IntranetClientTests.debug.xcconfig */;
			buildSettings = {
				BUNDLE_LOADER = "$(TEST_HOST)";
				INFOPLIST_FILE = IntranetClientTests/Info.plist;
				LD_RUNPATH_SEARCH_PATHS = "$(inherited) @executable_path/Frameworks @loader_path/Frameworks";
				PRODUCT_BUNDLE_IDENTIFIER = com.ociweb.IntranetClientTests;
				PRODUCT_NAME = "$(TARGET_NAME)";
				TEST_HOST = "$(BUILT_PRODUCTS_DIR)/IntranetClient.app/IntranetClient";
			};
			name = Debug;
		};
		7C743DF41E253AA50004B940 /* Release */ = {
			isa = XCBuildConfiguration;
			baseConfigurationReference = BFF30EE2657F130BE0B74658 /* Pods-IntranetClientTests.release.xcconfig */;
			buildSettings = {
				BUNDLE_LOADER = "$(TEST_HOST)";
				INFOPLIST_FILE = IntranetClientTests/Info.plist;
				LD_RUNPATH_SEARCH_PATHS = "$(inherited) @executable_path/Frameworks @loader_path/Frameworks";
				PRODUCT_BUNDLE_IDENTIFIER = com.ociweb.IntranetClientTests;
				PRODUCT_NAME = "$(TARGET_NAME)";
				TEST_HOST = "$(BUILT_PRODUCTS_DIR)/IntranetClient.app/IntranetClient";
			};
			name = Release;
		};
		7C743DF61E253AA50004B940 /* Debug */ = {
			isa = XCBuildConfiguration;
			baseConfigurationReference = 701C5A497A4836E114D6EF47 /* Pods-IntranetClientUITests.debug.xcconfig */;
			buildSettings = {
				INFOPLIST_FILE = IntranetClientUITests/Info.plist;
				LD_RUNPATH_SEARCH_PATHS = "$(inherited) @executable_path/Frameworks @loader_path/Frameworks";
				PRODUCT_BUNDLE_IDENTIFIER = com.ociweb.IntranetClientUITests;
				PRODUCT_NAME = "$(TARGET_NAME)";
				TEST_TARGET_NAME = IntranetClient;
			};
			name = Debug;
		};
		7C743DF71E253AA50004B940 /* Release */ = {
			isa = XCBuildConfiguration;
			baseConfigurationReference = B4C0AE721DB8C75C24BAC047 /* Pods-IntranetClientUITests.release.xcconfig */;
			buildSettings = {
				INFOPLIST_FILE = IntranetClientUITests/Info.plist;
				LD_RUNPATH_SEARCH_PATHS = "$(inherited) @executable_path/Frameworks @loader_path/Frameworks";
				PRODUCT_BUNDLE_IDENTIFIER = com.ociweb.IntranetClientUITests;
				PRODUCT_NAME = "$(TARGET_NAME)";
				TEST_TARGET_NAME = IntranetClient;
			};
			name = Release;
		};
/* End XCBuildConfiguration section */

/* Begin XCConfigurationList section */
		7C743DBA1E253AA50004B940 /* Build configuration list for PBXProject "IntranetClient" */ = {
			isa = XCConfigurationList;
			buildConfigurations = (
				7C743DED1E253AA50004B940 /* Debug */,
				7C743DEE1E253AA50004B940 /* Release */,
			);
			defaultConfigurationIsVisible = 0;
			defaultConfigurationName = Release;
		};
		7C743DEF1E253AA50004B940 /* Build configuration list for PBXNativeTarget "IntranetClient" */ = {
			isa = XCConfigurationList;
			buildConfigurations = (
				7C743DF01E253AA50004B940 /* Debug */,
				7C743DF11E253AA50004B940 /* Release */,
			);
			defaultConfigurationIsVisible = 0;
			defaultConfigurationName = Release;
		};
		7C743DF21E253AA50004B940 /* Build configuration list for PBXNativeTarget "IntranetClientTests" */ = {
			isa = XCConfigurationList;
			buildConfigurations = (
				7C743DF31E253AA50004B940 /* Debug */,
				7C743DF41E253AA50004B940 /* Release */,
			);
			defaultConfigurationIsVisible = 0;
			defaultConfigurationName = Release;
		};
		7C743DF51E253AA50004B940 /* Build configuration list for PBXNativeTarget "IntranetClientUITests" */ = {
			isa = XCConfigurationList;
			buildConfigurations = (
				7C743DF61E253AA50004B940 /* Debug */,
				7C743DF71E253AA50004B940 /* Release */,
			);
			defaultConfigurationIsVisible = 0;
			defaultConfigurationName = Release;
		};
/* End XCConfigurationList section */
	};
	rootObject = 7C743DB71E253AA50004B940 /* Project object */;
}
